
Microsoft Visual Studio Solution File, Format Version 12.00
# Visual Studio Version 16
VisualStudioVersion = 16.0.30320.27
MinimumVisualStudioVersion = 10.0.40219.1
Project("{9A19103F-16F7-4668-BE54-9A1E7A4F7556}") = "ParkyAPI", "ParkyAPI\ParkyAPI.csproj", "{5BDB0DBA-016D-42CB-B7B6-353F32F0B153}"
EndProject
Project("{FAE04EC0-301F-11D3-BF4B-00C04F79EFBC}") = "ParkyWeb", "ParkyWeb\ParkyWeb.csproj", "{F1C28A0A-760D-4B15-97BD-F5DF3A7F93F3}"
EndProject
Global
	GlobalSection(SolutionConfigurationPlatforms) = preSolution
		Debug|Any CPU = Debug|Any CPU
		Release|Any CPU = Release|Any CPU
	EndGlobalSection
	GlobalSection(ProjectConfigurationPlatforms) = postSolution
		{5BDB0DBA-016D-42CB-B7B6-353F32F0B153}.Debug|Any CPU.ActiveCfg = Debug|Any CPU
		{5BDB0DBA-016D-42CB-B7B6-353F32F0B153}.Debug|Any CPU.Build.0 = Debug|Any CPU
		{5BDB0DBA-016D-42CB-B7B6-353F32F0B153}.Release|Any CPU.ActiveCfg = Release|Any CPU
		{5BDB0DBA-016D-42CB-B7B6-353F32F0B153}.Release|Any CPU.Build.0 = Release|Any CPU
		{F1C28A0A-760D-4B15-97BD-F5DF3A7F93F3}.Debug|Any CPU.ActiveCfg = Debug|Any CPU
		{F1C28A0A-760D-4B15-97BD-F5DF3A7F93F3}.Debug|Any CPU.Build.0 = Debug|Any CPU
		{F1C28A0A-760D-4B15-97BD-F5DF3A7F93F3}.Release|Any CPU.ActiveCfg = Release|Any CPU
		{F1C28A0A-760D-4B15-97BD-F5DF3A7F93F3}.Release|Any CPU.Build.0 = Release|Any CPU
	EndGlobalSection
	GlobalSection(SolutionProperties) = preSolution
		HideSolutionNode = FALSE
	EndGlobalSection
	GlobalSection(ExtensibilityGlobals) = postSolution
		SolutionGuid = {1B8C2ACD-AAAF-45D1-B608-3C82D7BCEDFE}
	EndGlobalSection
EndGlobal
